// !$*UTF8*$!
{
	archiveVersion = 1;
	classes = {
	};
	objectVersion = 46;
	objects = {

/* Begin PBXBuildFile section */
		572EB5921F2B803900692240 /* Alamofire.framework in Frameworks */ = {isa = PBXBuildFile; fileRef = 572EB5911F2B803900692240 /* Alamofire.framework */; };
		572EB5941F2B803D00692240 /* Decodable.framework in Frameworks */ = {isa = PBXBuildFile; fileRef = 572EB5931F2B803D00692240 /* Decodable.framework */; };
		572EB5961F2B804200692240 /* RxSwift.framework in Frameworks */ = {isa = PBXBuildFile; fileRef = 572EB5951F2B804200692240 /* RxSwift.framework */; };
		572EB5981F2B804500692240 /* Swinject.framework in Frameworks */ = {isa = PBXBuildFile; fileRef = 572EB5971F2B804500692240 /* Swinject.framework */; };
		575E59551F2DF27000522863 /* Assets.xcassets in Resources */ = {isa = PBXBuildFile; fileRef = 575E590E1F2DF26F00522863 /* Assets.xcassets */; };
		575E59561F2DF27000522863 /* LaunchScreen.storyboard in Resources */ = {isa = PBXBuildFile; fileRef = 575E590F1F2DF26F00522863 /* LaunchScreen.storyboard */; };
		575E59571F2DF27000522863 /* Main.storyboard in Resources */ = {isa = PBXBuildFile; fileRef = 575E59111F2DF26F00522863 /* Main.storyboard */; };
		575E59581F2DF27000522863 /* Localizable.strings in Resources */ = {isa = PBXBuildFile; fileRef = 575E59131F2DF26F00522863 /* Localizable.strings */; };
		575E595A1F2DF27000522863 /* Alert.swift in Sources */ = {isa = PBXBuildFile; fileRef = 575E59171F2DF27000522863 /* Alert.swift */; };
		575E595B1F2DF27000522863 /* String+Extension.swift in Sources */ = {isa = PBXBuildFile; fileRef = 575E59191F2DF27000522863 /* String+Extension.swift */; };
		575E595C1F2DF27000522863 /* UIColor+Extension.swift in Sources */ = {isa = PBXBuildFile; fileRef = 575E591A1F2DF27000522863 /* UIColor+Extension.swift */; };
		575E595D1F2DF27000522863 /* UIDevice+Extension.swift in Sources */ = {isa = PBXBuildFile; fileRef = 575E591B1F2DF27000522863 /* UIDevice+Extension.swift */; };
		575E595E1F2DF27000522863 /* UIStoryboard+Extension.swift in Sources */ = {isa = PBXBuildFile; fileRef = 575E591C1F2DF27000522863 /* UIStoryboard+Extension.swift */; };
		575E595F1F2DF27000522863 /* ViewController.swift in Sources */ = {isa = PBXBuildFile; fileRef = 575E591F1F2DF27000522863 /* ViewController.swift */; };
		575E59601F2DF27000522863 /* ViewModel.swift in Sources */ = {isa = PBXBuildFile; fileRef = 575E59201F2DF27000522863 /* ViewModel.swift */; };
		575E59611F2DF27000522863 /* EnvironmentViewController.swift in Sources */ = {isa = PBXBuildFile; fileRef = 575E59221F2DF27000522863 /* EnvironmentViewController.swift */; };
		575E59621F2DF27000522863 /* EnvironmentViewModel.swift in Sources */ = {isa = PBXBuildFile; fileRef = 575E59231F2DF27000522863 /* EnvironmentViewModel.swift */; };
		575E59631F2DF27000522863 /* ForecastCell.swift in Sources */ = {isa = PBXBuildFile; fileRef = 575E59261F2DF27000522863 /* ForecastCell.swift */; };
		575E59641F2DF27000522863 /* ForecastCell.xib in Resources */ = {isa = PBXBuildFile; fileRef = 575E59271F2DF27000522863 /* ForecastCell.xib */; };
		575E59651F2DF27000522863 /* ForecastCellModel.swift in Sources */ = {isa = PBXBuildFile; fileRef = 575E59281F2DF27000522863 /* ForecastCellModel.swift */; };
		575E59661F2DF27000522863 /* ForecastViewController.swift in Sources */ = {isa = PBXBuildFile; fileRef = 575E59291F2DF27000522863 /* ForecastViewController.swift */; };
		575E59671F2DF27000522863 /* ForecastViewModel.swift in Sources */ = {isa = PBXBuildFile; fileRef = 575E592A1F2DF27000522863 /* ForecastViewModel.swift */; };
		575E59681F2DF27000522863 /* MapViewController.swift in Sources */ = {isa = PBXBuildFile; fileRef = 575E592C1F2DF27000522863 /* MapViewController.swift */; };
		575E59691F2DF27000522863 /* MapViewModel.swift in Sources */ = {isa = PBXBuildFile; fileRef = 575E592D1F2DF27000522863 /* MapViewModel.swift */; };
		575E596A1F2DF27000522863 /* WeatherAnnotation.swift in Sources */ = {isa = PBXBuildFile; fileRef = 575E592E1F2DF27000522863 /* WeatherAnnotation.swift */; };
		575E596B1F2DF27000522863 /* ViewControllerProvider.swift in Sources */ = {isa = PBXBuildFile; fileRef = 575E592F1F2DF27000522863 /* ViewControllerProvider.swift */; };
		575E596C1F2DF27000522863 /* WeatherCell.swift in Sources */ = {isa = PBXBuildFile; fileRef = 575E59321F2DF27000522863 /* WeatherCell.swift */; };
		575E596D1F2DF27000522863 /* WeatherCell.xib in Resources */ = {isa = PBXBuildFile; fileRef = 575E59331F2DF27000522863 /* WeatherCell.xib */; };
		575E596E1F2DF27000522863 /* WeatherCellModel.swift in Sources */ = {isa = PBXBuildFile; fileRef = 575E59341F2DF27000522863 /* WeatherCellModel.swift */; };
		575E596F1F2DF27000522863 /* WeatherViewController.swift in Sources */ = {isa = PBXBuildFile; fileRef = 575E59351F2DF27000522863 /* WeatherViewController.swift */; };
		575E59701F2DF27000522863 /* WeatherViewModel.swift in Sources */ = {isa = PBXBuildFile; fileRef = 575E59361F2DF27000522863 /* WeatherViewModel.swift */; };
		575E59711F2DF27000522863 /* AppDelegate.swift in Sources */ = {isa = PBXBuildFile; fileRef = 575E59371F2DF27000522863 /* AppDelegate.swift */; };
		575E59801F2DF27000522863 /* EnvironmentAssembly.swift in Sources */ = {isa = PBXBuildFile; fileRef = 575E594D1F2DF27000522863 /* EnvironmentAssembly.swift */; };
		575E59811F2DF27000522863 /* ForecastAssembly.swift in Sources */ = {isa = PBXBuildFile; fileRef = 575E594E1F2DF27000522863 /* ForecastAssembly.swift */; };
		575E59821F2DF27000522863 /* MapAssembly.swift in Sources */ = {isa = PBXBuildFile; fileRef = 575E594F1F2DF27000522863 /* MapAssembly.swift */; };
		575E59831F2DF27000522863 /* WeatherAssembly.swift in Sources */ = {isa = PBXBuildFile; fileRef = 575E59501F2DF27000522863 /* WeatherAssembly.swift */; };
		575E59841F2DF27000522863 /* Forecast.swift in Sources */ = {isa = PBXBuildFile; fileRef = 575E59521F2DF27000522863 /* Forecast.swift */; };
		575E59851F2DF27000522863 /* Weather.swift in Sources */ = {isa = PBXBuildFile; fileRef = 575E59531F2DF27000522863 /* Weather.swift */; };
		575E59861F2DF27000522863 /* WeatherCondition.swift in Sources */ = {isa = PBXBuildFile; fileRef = 575E59541F2DF27000522863 /* WeatherCondition.swift */; };
		575E59981F2DF2F400522863 /* LocalService.swift in Sources */ = {isa = PBXBuildFile; fileRef = 575E59891F2DF2F400522863 /* LocalService.swift */; };
		575E59991F2DF2F400522863 /* MockService.swift in Sources */ = {isa = PBXBuildFile; fileRef = 575E598A1F2DF2F400522863 /* MockService.swift */; };
		575E599A1F2DF2F400522863 /* WebService.swift in Sources */ = {isa = PBXBuildFile; fileRef = 575E598B1F2DF2F400522863 /* WebService.swift */; };
		575E599B1F2DF2F400522863 /* Configuration.swift in Sources */ = {isa = PBXBuildFile; fileRef = 575E598C1F2DF2F400522863 /* Configuration.swift */; };
		575E599C1F2DF2F400522863 /* forecast.json in Resources */ = {isa = PBXBuildFile; fileRef = 575E598E1F2DF2F400522863 /* forecast.json */; };
		575E599D1F2DF2F400522863 /* ForecastMockService.swift in Sources */ = {isa = PBXBuildFile; fileRef = 575E598F1F2DF2F400522863 /* ForecastMockService.swift */; };
		575E599E1F2DF2F400522863 /* ForecastServicing.swift in Sources */ = {isa = PBXBuildFile; fileRef = 575E59901F2DF2F400522863 /* ForecastServicing.swift */; };
		575E599F1F2DF2F400522863 /* ForecastWebService.swift in Sources */ = {isa = PBXBuildFile; fileRef = 575E59911F2DF2F400522863 /* ForecastWebService.swift */; };
		575E59A01F2DF2F400522863 /* StoringLocalService.swift in Sources */ = {isa = PBXBuildFile; fileRef = 575E59931F2DF2F400522863 /* StoringLocalService.swift */; };
		575E59A11F2DF2F400522863 /* StoringServicing.swift in Sources */ = {isa = PBXBuildFile; fileRef = 575E59941F2DF2F400522863 /* StoringServicing.swift */; };
		575E59A21F2DF2F400522863 /* weather.json in Resources */ = {isa = PBXBuildFile; fileRef = 575E59961F2DF2F400522863 /* weather.json */; };
		575E59A31F2DF2F400522863 /* WeatherServicing.swift in Sources */ = {isa = PBXBuildFile; fileRef = 575E59971F2DF2F400522863 /* WeatherServicing.swift */; };
		575E59A61F2DF39400522863 /* WeatherWebService.swift in Sources */ = {isa = PBXBuildFile; fileRef = 575E59A41F2DF39400522863 /* WeatherWebService.swift */; };
		575E59A71F2DF39400522863 /* WeatherMockService.swift in Sources */ = {isa = PBXBuildFile; fileRef = 575E59A51F2DF39400522863 /* WeatherMockService.swift */; };
/* End PBXBuildFile section */

/* Begin PBXFileReference section */
		572EB5911F2B803900692240 /* Alamofire.framework */ = {isa = PBXFileReference; lastKnownFileType = wrapper.framework; name = Alamofire.framework; path = Carthage/Build/iOS/Alamofire.framework; sourceTree = "<group>"; };
		572EB5931F2B803D00692240 /* Decodable.framework */ = {isa = PBXFileReference; lastKnownFileType = wrapper.framework; name = Decodable.framework; path = Carthage/Build/iOS/Decodable.framework; sourceTree = "<group>"; };
		572EB5951F2B804200692240 /* RxSwift.framework */ = {isa = PBXFileReference; lastKnownFileType = wrapper.framework; name = RxSwift.framework; path = Carthage/Build/iOS/RxSwift.framework; sourceTree = "<group>"; };
		572EB5971F2B804500692240 /* Swinject.framework */ = {isa = PBXFileReference; lastKnownFileType = wrapper.framework; name = Swinject.framework; path = Carthage/Build/iOS/Swinject.framework; sourceTree = "<group>"; };
		575E590E1F2DF26F00522863 /* Assets.xcassets */ = {isa = PBXFileReference; lastKnownFileType = folder.assetcatalog; path = Assets.xcassets; sourceTree = "<group>"; };
		575E59101F2DF26F00522863 /* Base */ = {isa = PBXFileReference; lastKnownFileType = file.storyboard; name = Base; path = Base.lproj/LaunchScreen.storyboard; sourceTree = "<group>"; };
		575E59121F2DF26F00522863 /* Base */ = {isa = PBXFileReference; lastKnownFileType = file.storyboard; name = Base; path = Base.lproj/Main.storyboard; sourceTree = "<group>"; };
		575E59141F2DF26F00522863 /* en */ = {isa = PBXFileReference; lastKnownFileType = text.plist.strings; name = en; path = en.lproj/Localizable.strings; sourceTree = "<group>"; };
		575E59151F2DF26F00522863 /* Info.plist */ = {isa = PBXFileReference; fileEncoding = 4; lastKnownFileType = text.plist.xml; path = Info.plist; sourceTree = "<group>"; };
		575E59171F2DF27000522863 /* Alert.swift */ = {isa = PBXFileReference; fileEncoding = 4; lastKnownFileType = sourcecode.swift; path = Alert.swift; sourceTree = "<group>"; };
		575E59191F2DF27000522863 /* String+Extension.swift */ = {isa = PBXFileReference; fileEncoding = 4; lastKnownFileType = sourcecode.swift; path = "String+Extension.swift"; sourceTree = "<group>"; };
		575E591A1F2DF27000522863 /* UIColor+Extension.swift */ = {isa = PBXFileReference; fileEncoding = 4; lastKnownFileType = sourcecode.swift; path = "UIColor+Extension.swift"; sourceTree = "<group>"; };
		575E591B1F2DF27000522863 /* UIDevice+Extension.swift */ = {isa = PBXFileReference; fileEncoding = 4; lastKnownFileType = sourcecode.swift; path = "UIDevice+Extension.swift"; sourceTree = "<group>"; };
		575E591C1F2DF27000522863 /* UIStoryboard+Extension.swift */ = {isa = PBXFileReference; fileEncoding = 4; lastKnownFileType = sourcecode.swift; path = "UIStoryboard+Extension.swift"; sourceTree = "<group>"; };
		575E591F1F2DF27000522863 /* ViewController.swift */ = {isa = PBXFileReference; fileEncoding = 4; lastKnownFileType = sourcecode.swift; path = ViewController.swift; sourceTree = "<group>"; };
		575E59201F2DF27000522863 /* ViewModel.swift */ = {isa = PBXFileReference; fileEncoding = 4; lastKnownFileType = sourcecode.swift; path = ViewModel.swift; sourceTree = "<group>"; };
		575E59221F2DF27000522863 /* EnvironmentViewController.swift */ = {isa = PBXFileReference; fileEncoding = 4; lastKnownFileType = sourcecode.swift; path = EnvironmentViewController.swift; sourceTree = "<group>"; };
		575E59231F2DF27000522863 /* EnvironmentViewModel.swift */ = {isa = PBXFileReference; fileEncoding = 4; lastKnownFileType = sourcecode.swift; path = EnvironmentViewModel.swift; sourceTree = "<group>"; };
		575E59261F2DF27000522863 /* ForecastCell.swift */ = {isa = PBXFileReference; fileEncoding = 4; lastKnownFileType = sourcecode.swift; path = ForecastCell.swift; sourceTree = "<group>"; };
		575E59271F2DF27000522863 /* ForecastCell.xib */ = {isa = PBXFileReference; fileEncoding = 4; lastKnownFileType = file.xib; path = ForecastCell.xib; sourceTree = "<group>"; };
		575E59281F2DF27000522863 /* ForecastCellModel.swift */ = {isa = PBXFileReference; fileEncoding = 4; lastKnownFileType = sourcecode.swift; path = ForecastCellModel.swift; sourceTree = "<group>"; };
		575E59291F2DF27000522863 /* ForecastViewController.swift */ = {isa = PBXFileReference; fileEncoding = 4; lastKnownFileType = sourcecode.swift; path = ForecastViewController.swift; sourceTree = "<group>"; };
		575E592A1F2DF27000522863 /* ForecastViewModel.swift */ = {isa = PBXFileReference; fileEncoding = 4; lastKnownFileType = sourcecode.swift; path = ForecastViewModel.swift; sourceTree = "<group>"; };
		575E592C1F2DF27000522863 /* MapViewController.swift */ = {isa = PBXFileReference; fileEncoding = 4; lastKnownFileType = sourcecode.swift; path = MapViewController.swift; sourceTree = "<group>"; };
		575E592D1F2DF27000522863 /* MapViewModel.swift */ = {isa = PBXFileReference; fileEncoding = 4; lastKnownFileType = sourcecode.swift; path = MapViewModel.swift; sourceTree = "<group>"; };
		575E592E1F2DF27000522863 /* WeatherAnnotation.swift */ = {isa = PBXFileReference; fileEncoding = 4; lastKnownFileType = sourcecode.swift; path = WeatherAnnotation.swift; sourceTree = "<group>"; };
		575E592F1F2DF27000522863 /* ViewControllerProvider.swift */ = {isa = PBXFileReference; fileEncoding = 4; lastKnownFileType = sourcecode.swift; path = ViewControllerProvider.swift; sourceTree = "<group>"; };
		575E59321F2DF27000522863 /* WeatherCell.swift */ = {isa = PBXFileReference; fileEncoding = 4; lastKnownFileType = sourcecode.swift; path = WeatherCell.swift; sourceTree = "<group>"; };
		575E59331F2DF27000522863 /* WeatherCell.xib */ = {isa = PBXFileReference; fileEncoding = 4; lastKnownFileType = file.xib; path = WeatherCell.xib; sourceTree = "<group>"; };
		575E59341F2DF27000522863 /* WeatherCellModel.swift */ = {isa = PBXFileReference; fileEncoding = 4; lastKnownFileType = sourcecode.swift; path = WeatherCellModel.swift; sourceTree = "<group>"; };
		575E59351F2DF27000522863 /* WeatherViewController.swift */ = {isa = PBXFileReference; fileEncoding = 4; lastKnownFileType = sourcecode.swift; path = WeatherViewController.swift; sourceTree = "<group>"; };
		575E59361F2DF27000522863 /* WeatherViewModel.swift */ = {isa = PBXFileReference; fileEncoding = 4; lastKnownFileType = sourcecode.swift; path = WeatherViewModel.swift; sourceTree = "<group>"; };
		575E59371F2DF27000522863 /* AppDelegate.swift */ = {isa = PBXFileReference; fileEncoding = 4; lastKnownFileType = sourcecode.swift; path = AppDelegate.swift; sourceTree = "<group>"; };
		575E594D1F2DF27000522863 /* EnvironmentAssembly.swift */ = {isa = PBXFileReference; fileEncoding = 4; lastKnownFileType = sourcecode.swift; path = EnvironmentAssembly.swift; sourceTree = "<group>"; };
		575E594E1F2DF27000522863 /* ForecastAssembly.swift */ = {isa = PBXFileReference; fileEncoding = 4; lastKnownFileType = sourcecode.swift; path = ForecastAssembly.swift; sourceTree = "<group>"; };
		575E594F1F2DF27000522863 /* MapAssembly.swift */ = {isa = PBXFileReference; fileEncoding = 4; lastKnownFileType = sourcecode.swift; path = MapAssembly.swift; sourceTree = "<group>"; };
		575E59501F2DF27000522863 /* WeatherAssembly.swift */ = {isa = PBXFileReference; fileEncoding = 4; lastKnownFileType = sourcecode.swift; path = WeatherAssembly.swift; sourceTree = "<group>"; };
		575E59521F2DF27000522863 /* Forecast.swift */ = {isa = PBXFileReference; fileEncoding = 4; lastKnownFileType = sourcecode.swift; path = Forecast.swift; sourceTree = "<group>"; };
		575E59531F2DF27000522863 /* Weather.swift */ = {isa = PBXFileReference; fileEncoding = 4; lastKnownFileType = sourcecode.swift; path = Weather.swift; sourceTree = "<group>"; };
		575E59541F2DF27000522863 /* WeatherCondition.swift */ = {isa = PBXFileReference; fileEncoding = 4; lastKnownFileType = sourcecode.swift; path = WeatherCondition.swift; sourceTree = "<group>"; };
		575E59891F2DF2F400522863 /* LocalService.swift */ = {isa = PBXFileReference; fileEncoding = 4; lastKnownFileType = sourcecode.swift; path = LocalService.swift; sourceTree = "<group>"; };
		575E598A1F2DF2F400522863 /* MockService.swift */ = {isa = PBXFileReference; fileEncoding = 4; lastKnownFileType = sourcecode.swift; path = MockService.swift; sourceTree = "<group>"; };
		575E598B1F2DF2F400522863 /* WebService.swift */ = {isa = PBXFileReference; fileEncoding = 4; lastKnownFileType = sourcecode.swift; path = WebService.swift; sourceTree = "<group>"; };
		575E598C1F2DF2F400522863 /* Configuration.swift */ = {isa = PBXFileReference; fileEncoding = 4; lastKnownFileType = sourcecode.swift; path = Configuration.swift; sourceTree = "<group>"; };
		575E598E1F2DF2F400522863 /* forecast.json */ = {isa = PBXFileReference; fileEncoding = 4; lastKnownFileType = text.json; path = forecast.json; sourceTree = "<group>"; };
		575E598F1F2DF2F400522863 /* ForecastMockService.swift */ = {isa = PBXFileReference; fileEncoding = 4; lastKnownFileType = sourcecode.swift; path = ForecastMockService.swift; sourceTree = "<group>"; };
		575E59901F2DF2F400522863 /* ForecastServicing.swift */ = {isa = PBXFileReference; fileEncoding = 4; lastKnownFileType = sourcecode.swift; path = ForecastServicing.swift; sourceTree = "<group>"; };
		575E59911F2DF2F400522863 /* ForecastWebService.swift */ = {isa = PBXFileReference; fileEncoding = 4; lastKnownFileType = sourcecode.swift; path = ForecastWebService.swift; sourceTree = "<group>"; };
		575E59931F2DF2F400522863 /* StoringLocalService.swift */ = {isa = PBXFileReference; fileEncoding = 4; lastKnownFileType = sourcecode.swift; path = StoringLocalService.swift; sourceTree = "<group>"; };
		575E59941F2DF2F400522863 /* StoringServicing.swift */ = {isa = PBXFileReference; fileEncoding = 4; lastKnownFileType = sourcecode.swift; path = StoringServicing.swift; sourceTree = "<group>"; };
		575E59961F2DF2F400522863 /* weather.json */ = {isa = PBXFileReference; fileEncoding = 4; lastKnownFileType = text.json; path = weather.json; sourceTree = "<group>"; };
		575E59971F2DF2F400522863 /* WeatherServicing.swift */ = {isa = PBXFileReference; fileEncoding = 4; lastKnownFileType = sourcecode.swift; path = WeatherServicing.swift; sourceTree = "<group>"; };
		575E59A41F2DF39400522863 /* WeatherWebService.swift */ = {isa = PBXFileReference; fileEncoding = 4; lastKnownFileType = sourcecode.swift; path = WeatherWebService.swift; sourceTree = "<group>"; };
		575E59A51F2DF39400522863 /* WeatherMockService.swift */ = {isa = PBXFileReference; fileEncoding = 4; lastKnownFileType = sourcecode.swift; path = WeatherMockService.swift; sourceTree = "<group>"; };
		57AC9D971F2B2A8700511340 /* Finalclime.app */ = {isa = PBXFileReference; explicitFileType = wrapper.application; includeInIndex = 0; path = Finalclime.app; sourceTree = BUILT_PRODUCTS_DIR; };
/* End PBXFileReference section */

/* Begin PBXFrameworksBuildPhase section */
		57AC9D941F2B2A8700511340 /* Frameworks */ = {
			isa = PBXFrameworksBuildPhase;
			buildActionMask = 2147483647;
			files = (
				572EB5921F2B803900692240 /* Alamofire.framework in Frameworks */,
				572EB5941F2B803D00692240 /* Decodable.framework in Frameworks */,
				572EB5961F2B804200692240 /* RxSwift.framework in Frameworks */,
				572EB5981F2B804500692240 /* Swinject.framework in Frameworks */,
			);
			runOnlyForDeploymentPostprocessing = 0;
		};
/* End PBXFrameworksBuildPhase section */

/* Begin PBXGroup section */
		572EB5901F2B803900692240 /* Frameworks */ = {
			isa = PBXGroup;
			children = (
				572EB5971F2B804500692240 /* Swinject.framework */,
				572EB5951F2B804200692240 /* RxSwift.framework */,
				572EB5931F2B803D00692240 /* Decodable.framework */,
				572EB5911F2B803900692240 /* Alamofire.framework */,
			);
			name = Frameworks;
			sourceTree = "<group>";
		};
		575E590D1F2DF26F00522863 /* Resources */ = {
			isa = PBXGroup;
			children = (
				575E590E1F2DF26F00522863 /* Assets.xcassets */,
				575E590F1F2DF26F00522863 /* LaunchScreen.storyboard */,
				575E59111F2DF26F00522863 /* Main.storyboard */,
				575E59131F2DF26F00522863 /* Localizable.strings */,
				575E59151F2DF26F00522863 /* Info.plist */,
			);
			path = Resources;
			sourceTree = "<group>";
		};
		575E59161F2DF27000522863 /* Components */ = {
			isa = PBXGroup;
			children = (
				575E59171F2DF27000522863 /* Alert.swift */,
			);
			path = Components;
			sourceTree = "<group>";
		};
		575E59181F2DF27000522863 /* Extensions */ = {
			isa = PBXGroup;
			children = (
				575E59191F2DF27000522863 /* String+Extension.swift */,
				575E591A1F2DF27000522863 /* UIColor+Extension.swift */,
				575E591B1F2DF27000522863 /* UIDevice+Extension.swift */,
				575E591C1F2DF27000522863 /* UIStoryboard+Extension.swift */,
			);
			path = Extensions;
			sourceTree = "<group>";
		};
		575E591D1F2DF27000522863 /* Controllers */ = {
			isa = PBXGroup;
			children = (
				575E591E1F2DF27000522863 /* Base */,
				575E59211F2DF27000522863 /* Environment */,
				575E59241F2DF27000522863 /* Forecast */,
				575E592B1F2DF27000522863 /* Map */,
				575E592F1F2DF27000522863 /* ViewControllerProvider.swift */,
				575E59301F2DF27000522863 /* Weather */,
			);
			path = Controllers;
			sourceTree = "<group>";
		};
		575E591E1F2DF27000522863 /* Base */ = {
			isa = PBXGroup;
			children = (
				575E591F1F2DF27000522863 /* ViewController.swift */,
				575E59201F2DF27000522863 /* ViewModel.swift */,
			);
			path = Base;
			sourceTree = "<group>";
		};
		575E59211F2DF27000522863 /* Environment */ = {
			isa = PBXGroup;
			children = (
				575E59221F2DF27000522863 /* EnvironmentViewController.swift */,
				575E59231F2DF27000522863 /* EnvironmentViewModel.swift */,
			);
			path = Environment;
			sourceTree = "<group>";
		};
		575E59241F2DF27000522863 /* Forecast */ = {
			isa = PBXGroup;
			children = (
				575E59251F2DF27000522863 /* Cell */,
				575E59291F2DF27000522863 /* ForecastViewController.swift */,
				575E592A1F2DF27000522863 /* ForecastViewModel.swift */,
			);
			path = Forecast;
			sourceTree = "<group>";
		};
		575E59251F2DF27000522863 /* Cell */ = {
			isa = PBXGroup;
			children = (
				575E59261F2DF27000522863 /* ForecastCell.swift */,
				575E59271F2DF27000522863 /* ForecastCell.xib */,
				575E59281F2DF27000522863 /* ForecastCellModel.swift */,
			);
			path = Cell;
			sourceTree = "<group>";
		};
		575E592B1F2DF27000522863 /* Map */ = {
			isa = PBXGroup;
			children = (
				575E592C1F2DF27000522863 /* MapViewController.swift */,
				575E592D1F2DF27000522863 /* MapViewModel.swift */,
				575E592E1F2DF27000522863 /* WeatherAnnotation.swift */,
			);
			path = Map;
			sourceTree = "<group>";
		};
		575E59301F2DF27000522863 /* Weather */ = {
			isa = PBXGroup;
			children = (
				575E59311F2DF27000522863 /* Cell */,
				575E59351F2DF27000522863 /* WeatherViewController.swift */,
				575E59361F2DF27000522863 /* WeatherViewModel.swift */,
			);
			path = Weather;
			sourceTree = "<group>";
		};
		575E59311F2DF27000522863 /* Cell */ = {
			isa = PBXGroup;
			children = (
				575E59321F2DF27000522863 /* WeatherCell.swift */,
				575E59331F2DF27000522863 /* WeatherCell.xib */,
				575E59341F2DF27000522863 /* WeatherCellModel.swift */,
			);
			path = Cell;
			sourceTree = "<group>";
		};
		575E594C1F2DF27000522863 /* Assemblies */ = {
			isa = PBXGroup;
			children = (
				575E594D1F2DF27000522863 /* EnvironmentAssembly.swift */,
				575E594E1F2DF27000522863 /* ForecastAssembly.swift */,
				575E594F1F2DF27000522863 /* MapAssembly.swift */,
				575E59501F2DF27000522863 /* WeatherAssembly.swift */,
			);
			path = Assemblies;
			sourceTree = "<group>";
		};
		575E59511F2DF27000522863 /* Entities */ = {
			isa = PBXGroup;
			children = (
				575E59521F2DF27000522863 /* Forecast.swift */,
				575E59531F2DF27000522863 /* Weather.swift */,
				575E59541F2DF27000522863 /* WeatherCondition.swift */,
			);
			path = Entities;
			sourceTree = "<group>";
		};
		575E59871F2DF2F400522863 /* Services */ = {
			isa = PBXGroup;
			children = (
				575E598C1F2DF2F400522863 /* Configuration.swift */,
				575E59881F2DF2F400522863 /* Base */,
				575E598D1F2DF2F400522863 /* Forecast */,
				575E59921F2DF2F400522863 /* Storing */,
				575E59951F2DF2F400522863 /* Weather */,
			);
			path = Services;
			sourceTree = "<group>";
		};
		575E59881F2DF2F400522863 /* Base */ = {
			isa = PBXGroup;
			children = (
				575E59891F2DF2F400522863 /* LocalService.swift */,
				575E598A1F2DF2F400522863 /* MockService.swift */,
				575E598B1F2DF2F400522863 /* WebService.swift */,
			);
			path = Base;
			sourceTree = "<group>";
		};
		575E598D1F2DF2F400522863 /* Forecast */ = {
			isa = PBXGroup;
			children = (
				575E59901F2DF2F400522863 /* ForecastServicing.swift */,
				575E598F1F2DF2F400522863 /* ForecastMockService.swift */,
				575E59911F2DF2F400522863 /* ForecastWebService.swift */,
				575E598E1F2DF2F400522863 /* forecast.json */,
			);
			path = Forecast;
			sourceTree = "<group>";
		};
		575E59921F2DF2F400522863 /* Storing */ = {
			isa = PBXGroup;
			children = (
				575E59941F2DF2F400522863 /* StoringServicing.swift */,
				575E59931F2DF2F400522863 /* StoringLocalService.swift */,
			);
			path = Storing;
			sourceTree = "<group>";
		};
		575E59951F2DF2F400522863 /* Weather */ = {
			isa = PBXGroup;
			children = (
				575E59971F2DF2F400522863 /* WeatherServicing.swift */,
				575E59A41F2DF39400522863 /* WeatherWebService.swift */,
				575E59A51F2DF39400522863 /* WeatherMockService.swift */,
				575E59961F2DF2F400522863 /* weather.json */,
			);
			path = Weather;
			sourceTree = "<group>";
		};
		57AC9D8E1F2B2A8700511340 = {
			isa = PBXGroup;
			children = (
				57AC9D991F2B2A8700511340 /* Finalclime */,
				57AC9D981F2B2A8700511340 /* Products */,
				572EB5901F2B803900692240 /* Frameworks */,
			);
			sourceTree = "<group>";
		};
		57AC9D981F2B2A8700511340 /* Products */ = {
			isa = PBXGroup;
			children = (
				57AC9D971F2B2A8700511340 /* Finalclime.app */,
			);
			name = Products;
			sourceTree = "<group>";
		};
		57AC9D991F2B2A8700511340 /* Finalclime */ = {
			isa = PBXGroup;
			children = (
				575E59371F2DF27000522863 /* AppDelegate.swift */,
				575E591D1F2DF27000522863 /* Controllers */,
				575E59161F2DF27000522863 /* Components */,
				575E590D1F2DF26F00522863 /* Resources */,
				575E59181F2DF27000522863 /* Extensions */,
				575E594C1F2DF27000522863 /* Assemblies */,
				575E59871F2DF2F400522863 /* Services */,
				575E59511F2DF27000522863 /* Entities */,
			);
			path = Finalclime;
			sourceTree = "<group>";
		};
/* End PBXGroup section */

/* Begin PBXNativeTarget section */
		57AC9D961F2B2A8700511340 /* Finalclime */ = {
			isa = PBXNativeTarget;
			buildConfigurationList = 57AC9DA91F2B2A8700511340 /* Build configuration list for PBXNativeTarget "Finalclime" */;
			buildPhases = (
				57AC9D931F2B2A8700511340 /* Sources */,
				57AC9D941F2B2A8700511340 /* Frameworks */,
				57AC9D951F2B2A8700511340 /* Resources */,
				572EB59C1F2B84F200692240 /* Carthage Copy */,
				575E590C1F2DEE6D00522863 /* Swiftlint */,
			);
			buildRules = (
			);
			dependencies = (
			);
			name = Finalclime;
			productName = Finalclime;
			productReference = 57AC9D971F2B2A8700511340 /* Finalclime.app */;
			productType = "com.apple.product-type.application";
		};
/* End PBXNativeTarget section */

/* Begin PBXProject section */
		57AC9D8F1F2B2A8700511340 /* Project object */ = {
			isa = PBXProject;
			attributes = {
				LastSwiftUpdateCheck = 0830;
				LastUpgradeCheck = 0830;
				ORGANIZATIONNAME = "Rémi Thaunay";
				TargetAttributes = {
					57AC9D961F2B2A8700511340 = {
						CreatedOnToolsVersion = 8.3.3;
						DevelopmentTeam = FNAZV2ATC8;
						LastSwiftMigration = 0830;
						ProvisioningStyle = Automatic;
					};
				};
			};
			buildConfigurationList = 57AC9D921F2B2A8700511340 /* Build configuration list for PBXProject "Finalclime" */;
			compatibilityVersion = "Xcode 3.2";
			developmentRegion = English;
			hasScannedForEncodings = 0;
			knownRegions = (
				en,
				Base,
			);
			mainGroup = 57AC9D8E1F2B2A8700511340;
			productRefGroup = 57AC9D981F2B2A8700511340 /* Products */;
			projectDirPath = "";
			projectRoot = "";
			targets = (
				57AC9D961F2B2A8700511340 /* Finalclime */,
			);
		};
/* End PBXProject section */

/* Begin PBXResourcesBuildPhase section */
		57AC9D951F2B2A8700511340 /* Resources */ = {
			isa = PBXResourcesBuildPhase;
			buildActionMask = 2147483647;
			files = (
				575E59571F2DF27000522863 /* Main.storyboard in Resources */,
				575E59581F2DF27000522863 /* Localizable.strings in Resources */,
				575E59551F2DF27000522863 /* Assets.xcassets in Resources */,
				575E599C1F2DF2F400522863 /* forecast.json in Resources */,
				575E596D1F2DF27000522863 /* WeatherCell.xib in Resources */,
				575E59641F2DF27000522863 /* ForecastCell.xib in Resources */,
				575E59561F2DF27000522863 /* LaunchScreen.storyboard in Resources */,
				575E59A21F2DF2F400522863 /* weather.json in Resources */,
			);
			runOnlyForDeploymentPostprocessing = 0;
		};
/* End PBXResourcesBuildPhase section */

/* Begin PBXShellScriptBuildPhase section */
		572EB59C1F2B84F200692240 /* Carthage Copy */ = {
			isa = PBXShellScriptBuildPhase;
			buildActionMask = 2147483647;
			files = (
			);
			inputPaths = (
				"$(SRCROOT)/Carthage/Build/iOS/Alamofire.framework",
				"$(SRCROOT)/Carthage/Build/iOS/Decodable.framework",
				"$(SRCROOT)/Carthage/Build/iOS/RxSwift.framework",
				"$(SRCROOT)/Carthage/Build/iOS/Swinject.framework",
				"$(SRCROOT)/Carthage/Build/iOS/RxCocoa.framework",
			);
			name = "Carthage Copy";
			outputPaths = (
			);
			runOnlyForDeploymentPostprocessing = 0;
			shellPath = /bin/sh;
			shellScript = "/usr/local/bin/carthage copy-frameworks\n";
		};
		575E590C1F2DEE6D00522863 /* Swiftlint */ = {
			isa = PBXShellScriptBuildPhase;
			buildActionMask = 2147483647;
			files = (
			);
			inputPaths = (
			);
			name = Swiftlint;
			outputPaths = (
			);
			runOnlyForDeploymentPostprocessing = 0;
			shellPath = /bin/sh;
			shellScript = "if which swiftlint >/dev/null; then\nswiftlint\nelse\necho \"warning: SwiftLint not installed, download from https://github.com/realm/SwiftLint\"\nfi";
		};
/* End PBXShellScriptBuildPhase section */

/* Begin PBXSourcesBuildPhase section */
		57AC9D931F2B2A8700511340 /* Sources */ = {
			isa = PBXSourcesBuildPhase;
			buildActionMask = 2147483647;
			files = (
				575E59801F2DF27000522863 /* EnvironmentAssembly.swift in Sources */,
				575E59711F2DF27000522863 /* AppDelegate.swift in Sources */,
				575E59631F2DF27000522863 /* ForecastCell.swift in Sources */,
				575E59841F2DF27000522863 /* Forecast.swift in Sources */,
				575E596F1F2DF27000522863 /* WeatherViewController.swift in Sources */,
				575E599F1F2DF2F400522863 /* ForecastWebService.swift in Sources */,
				575E59651F2DF27000522863 /* ForecastCellModel.swift in Sources */,
				575E59861F2DF27000522863 /* WeatherCondition.swift in Sources */,
				575E596C1F2DF27000522863 /* WeatherCell.swift in Sources */,
				575E59A11F2DF2F400522863 /* StoringServicing.swift in Sources */,
				575E595F1F2DF27000522863 /* ViewController.swift in Sources */,
				575E595C1F2DF27000522863 /* UIColor+Extension.swift in Sources */,
				575E59A71F2DF39400522863 /* WeatherMockService.swift in Sources */,
				575E59621F2DF27000522863 /* EnvironmentViewModel.swift in Sources */,
				575E59661F2DF27000522863 /* ForecastViewController.swift in Sources */,
				575E595D1F2DF27000522863 /* UIDevice+Extension.swift in Sources */,
				575E596E1F2DF27000522863 /* WeatherCellModel.swift in Sources */,
				575E59821F2DF27000522863 /* MapAssembly.swift in Sources */,
				575E59851F2DF27000522863 /* Weather.swift in Sources */,
				575E59701F2DF27000522863 /* WeatherViewModel.swift in Sources */,
				575E595B1F2DF27000522863 /* String+Extension.swift in Sources */,
				575E59811F2DF27000522863 /* ForecastAssembly.swift in Sources */,
				575E595A1F2DF27000522863 /* Alert.swift in Sources */,
				575E59991F2DF2F400522863 /* MockService.swift in Sources */,
				575E599B1F2DF2F400522863 /* Configuration.swift in Sources */,
				575E595E1F2DF27000522863 /* UIStoryboard+Extension.swift in Sources */,
				575E59671F2DF27000522863 /* ForecastViewModel.swift in Sources */,
				575E599D1F2DF2F400522863 /* ForecastMockService.swift in Sources */,
				575E59691F2DF27000522863 /* MapViewModel.swift in Sources */,
				575E59A01F2DF2F400522863 /* StoringLocalService.swift in Sources */,
				575E59981F2DF2F400522863 /* LocalService.swift in Sources */,
				575E59831F2DF27000522863 /* WeatherAssembly.swift in Sources */,
				575E599A1F2DF2F400522863 /* WebService.swift in Sources */,
				575E59611F2DF27000522863 /* EnvironmentViewController.swift in Sources */,
				575E59A61F2DF39400522863 /* WeatherWebService.swift in Sources */,
				575E59A31F2DF2F400522863 /* WeatherServicing.swift in Sources */,
				575E596A1F2DF27000522863 /* WeatherAnnotation.swift in Sources */,
				575E59601F2DF27000522863 /* ViewModel.swift in Sources */,
				575E59681F2DF27000522863 /* MapViewController.swift in Sources */,
				575E599E1F2DF2F400522863 /* ForecastServicing.swift in Sources */,
				575E596B1F2DF27000522863 /* ViewControllerProvider.swift in Sources */,
			);
			runOnlyForDeploymentPostprocessing = 0;
		};
/* End PBXSourcesBuildPhase section */

/* Begin PBXVariantGroup section */
		575E590F1F2DF26F00522863 /* LaunchScreen.storyboard */ = {
			isa = PBXVariantGroup;
			children = (
				575E59101F2DF26F00522863 /* Base */,
			);
			name = LaunchScreen.storyboard;
			sourceTree = "<group>";
		};
		575E59111F2DF26F00522863 /* Main.storyboard */ = {
			isa = PBXVariantGroup;
			children = (
				575E59121F2DF26F00522863 /* Base */,
			);
			name = Main.storyboard;
			sourceTree = "<group>";
		};
		575E59131F2DF26F00522863 /* Localizable.strings */ = {
			isa = PBXVariantGroup;
			children = (
				575E59141F2DF26F00522863 /* en */,
			);
			name = Localizable.strings;
			sourceTree = "<group>";
		};
/* End PBXVariantGroup section */

/* Begin XCBuildConfiguration section */
		57AC9DA71F2B2A8700511340 /* Debug */ = {
			isa = XCBuildConfiguration;
			buildSettings = {
				ALWAYS_SEARCH_USER_PATHS = NO;
				CLANG_ANALYZER_NONNULL = YES;
				CLANG_ANALYZER_NUMBER_OBJECT_CONVERSION = YES_AGGRESSIVE;
				CLANG_CXX_LANGUAGE_STANDARD = "gnu++0x";
				CLANG_CXX_LIBRARY = "libc++";
				CLANG_ENABLE_MODULES = YES;
				CLANG_ENABLE_OBJC_ARC = YES;
				CLANG_WARN_BOOL_CONVERSION = YES;
				CLANG_WARN_CONSTANT_CONVERSION = YES;
				CLANG_WARN_DIRECT_OBJC_ISA_USAGE = YES_ERROR;
				CLANG_WARN_DOCUMENTATION_COMMENTS = YES;
				CLANG_WARN_EMPTY_BODY = YES;
				CLANG_WARN_ENUM_CONVERSION = YES;
				CLANG_WARN_INFINITE_RECURSION = YES;
				CLANG_WARN_INT_CONVERSION = YES;
				CLANG_WARN_OBJC_ROOT_CLASS = YES_ERROR;
				CLANG_WARN_SUSPICIOUS_MOVE = YES;
				CLANG_WARN_UNREACHABLE_CODE = YES;
				CLANG_WARN__DUPLICATE_METHOD_MATCH = YES;
				"CODE_SIGN_IDENTITY[sdk=iphoneos*]" = "iPhone Developer";
				COPY_PHASE_STRIP = NO;
				DEBUG_INFORMATION_FORMAT = dwarf;
				ENABLE_STRICT_OBJC_MSGSEND = YES;
				ENABLE_TESTABILITY = YES;
				GCC_C_LANGUAGE_STANDARD = gnu99;
				GCC_DYNAMIC_NO_PIC = NO;
				GCC_NO_COMMON_BLOCKS = YES;
				GCC_OPTIMIZATION_LEVEL = 0;
				GCC_PREPROCESSOR_DEFINITIONS = (
					"DEBUG=1",
					"$(inherited)",
				);
				GCC_WARN_64_TO_32_BIT_CONVERSION = YES;
				GCC_WARN_ABOUT_RETURN_TYPE = YES_ERROR;
				GCC_WARN_UNDECLARED_SELECTOR = YES;
				GCC_WARN_UNINITIALIZED_AUTOS = YES_AGGRESSIVE;
				GCC_WARN_UNUSED_FUNCTION = YES;
				GCC_WARN_UNUSED_VARIABLE = YES;
				IPHONEOS_DEPLOYMENT_TARGET = 10.3;
				MTL_ENABLE_DEBUG_INFO = YES;
				ONLY_ACTIVE_ARCH = YES;
				SDKROOT = iphoneos;
				SWIFT_ACTIVE_COMPILATION_CONDITIONS = DEBUG;
				SWIFT_OPTIMIZATION_LEVEL = "-Onone";
				TARGETED_DEVICE_FAMILY = "1,2";
			};
			name = Debug;
		};
		57AC9DA81F2B2A8700511340 /* Release */ = {
			isa = XCBuildConfiguration;
			buildSettings = {
				ALWAYS_SEARCH_USER_PATHS = NO;
				CLANG_ANALYZER_NONNULL = YES;
				CLANG_ANALYZER_NUMBER_OBJECT_CONVERSION = YES_AGGRESSIVE;
				CLANG_CXX_LANGUAGE_STANDARD = "gnu++0x";
				CLANG_CXX_LIBRARY = "libc++";
				CLANG_ENABLE_MODULES = YES;
				CLANG_ENABLE_OBJC_ARC = YES;
				CLANG_WARN_BOOL_CONVERSION = YES;
				CLANG_WARN_CONSTANT_CONVERSION = YES;
				CLANG_WARN_DIRECT_OBJC_ISA_USAGE = YES_ERROR;
				CLANG_WARN_DOCUMENTATION_COMMENTS = YES;
				CLANG_WARN_EMPTY_BODY = YES;
				CLANG_WARN_ENUM_CONVERSION = YES;
				CLANG_WARN_INFINITE_RECURSION = YES;
				CLANG_WARN_INT_CONVERSION = YES;
				CLANG_WARN_OBJC_ROOT_CLASS = YES_ERROR;
				CLANG_WARN_SUSPICIOUS_MOVE = YES;
				CLANG_WARN_UNREACHABLE_CODE = YES;
				CLANG_WARN__DUPLICATE_METHOD_MATCH = YES;
				"CODE_SIGN_IDENTITY[sdk=iphoneos*]" = "iPhone Developer";
				COPY_PHASE_STRIP = NO;
				DEBUG_INFORMATION_FORMAT = "dwarf-with-dsym";
				ENABLE_NS_ASSERTIONS = NO;
				ENABLE_STRICT_OBJC_MSGSEND = YES;
				GCC_C_LANGUAGE_STANDARD = gnu99;
				GCC_NO_COMMON_BLOCKS = YES;
				GCC_WARN_64_TO_32_BIT_CONVERSION = YES;
				GCC_WARN_ABOUT_RETURN_TYPE = YES_ERROR;
				GCC_WARN_UNDECLARED_SELECTOR = YES;
				GCC_WARN_UNINITIALIZED_AUTOS = YES_AGGRESSIVE;
				GCC_WARN_UNUSED_FUNCTION = YES;
				GCC_WARN_UNUSED_VARIABLE = YES;
				IPHONEOS_DEPLOYMENT_TARGET = 10.3;
				MTL_ENABLE_DEBUG_INFO = NO;
				SDKROOT = iphoneos;
				SWIFT_OPTIMIZATION_LEVEL = "-Owholemodule";
				TARGETED_DEVICE_FAMILY = "1,2";
				VALIDATE_PRODUCT = YES;
			};
			name = Release;
		};
		57AC9DAA1F2B2A8700511340 /* Debug */ = {
			isa = XCBuildConfiguration;
			buildSettings = {
				ASSETCATALOG_COMPILER_APPICON_NAME = AppIcon;
				CLANG_ENABLE_MODULES = YES;
				DEVELOPMENT_TEAM = FNAZV2ATC8;
				FRAMEWORK_SEARCH_PATHS = (
					"$(inherited)",
					"$(PROJECT_DIR)/Carthage/Build/iOS",
				);
				INFOPLIST_FILE = Finalclime/Resources/Info.plist;
				LD_RUNPATH_SEARCH_PATHS = "$(inherited) @executable_path/Frameworks";
				PRODUCT_BUNDLE_IDENTIFIER = remithaunay.Finalclime;
				PRODUCT_NAME = "$(TARGET_NAME)";
				SWIFT_OPTIMIZATION_LEVEL = "-Onone";
				SWIFT_VERSION = 3.0;
			};
			name = Debug;
		};
		57AC9DAB1F2B2A8700511340 /* Release */ = {
			isa = XCBuildConfiguration;
			buildSettings = {
				ASSETCATALOG_COMPILER_APPICON_NAME = AppIcon;
				CLANG_ENABLE_MODULES = YES;
				DEVELOPMENT_TEAM = FNAZV2ATC8;
				FRAMEWORK_SEARCH_PATHS = (
					"$(inherited)",
					"$(PROJECT_DIR)/Carthage/Build/iOS",
				);
				INFOPLIST_FILE = Finalclime/Resources/Info.plist;
				LD_RUNPATH_SEARCH_PATHS = "$(inherited) @executable_path/Frameworks";
				PRODUCT_BUNDLE_IDENTIFIER = remithaunay.Finalclime;
				PRODUCT_NAME = "$(TARGET_NAME)";
				SWIFT_VERSION = 3.0;
			};
			name = Release;
		};
/* End XCBuildConfiguration section */

/* Begin XCConfigurationList section */
		57AC9D921F2B2A8700511340 /* Build configuration list for PBXProject "Finalclime" */ = {
			isa = XCConfigurationList;
			buildConfigurations = (
				57AC9DA71F2B2A8700511340 /* Debug */,
				57AC9DA81F2B2A8700511340 /* Release */,
			);
			defaultConfigurationIsVisible = 0;
			defaultConfigurationName = Release;
		};
		57AC9DA91F2B2A8700511340 /* Build configuration list for PBXNativeTarget "Finalclime" */ = {
			isa = XCConfigurationList;
			buildConfigurations = (
				57AC9DAA1F2B2A8700511340 /* Debug */,
				57AC9DAB1F2B2A8700511340 /* Release */,
			);
			defaultConfigurationIsVisible = 0;
			defaultConfigurationName = Release;
		};
/* End XCConfigurationList section */
	};
	rootObject = 57AC9D8F1F2B2A8700511340 /* Project object */;
}
